
Microsoft Visual Studio Solution File, Format Version 12.00
# Visual Studio Version 17
VisualStudioVersion = 17.3.32901.215
MinimumVisualStudioVersion = 10.0.40219.1
Project("{FAE04EC0-301F-11D3-BF4B-00C04F79EFBC}") = "Proyecto_Final_Grupal_Buscador", "Proyecto_Final_Grupal_Buscador\Proyecto_Final_Grupal_Buscador.csproj", "{40BFAAF5-4C5F-42D5-A60B-8081295F85F6}"
EndProject
Global
	GlobalSection(SolutionConfigurationPlatforms) = preSolution
		Debug|Any CPU = Debug|Any CPU
		Release|Any CPU = Release|Any CPU
	EndGlobalSection
	GlobalSection(ProjectConfigurationPlatforms) = postSolution
		{40BFAAF5-4C5F-42D5-A60B-8081295F85F6}.Debug|Any CPU.ActiveCfg = Debug|Any CPU
		{40BFAAF5-4C5F-42D5-A60B-8081295F85F6}.Debug|Any CPU.Build.0 = Debug|Any CPU
		{40BFAAF5-4C5F-42D5-A60B-8081295F85F6}.Release|Any CPU.ActiveCfg = Release|Any CPU
		{40BFAAF5-4C5F-42D5-A60B-8081295F85F6}.Release|Any CPU.Build.0 = Release|Any CPU
	EndGlobalSection
	GlobalSection(SolutionProperties) = preSolution
		HideSolutionNode = FALSE
	EndGlobalSection
	GlobalSection(ExtensibilityGlobals) = postSolution
		SolutionGuid = {E306F7E2-E294-40E4-BE50-F92C23098D37}
	EndGlobalSection
EndGlobal
